
Microsoft Visual Studio Solution File, Format Version 12.00
# Visual Studio Version 16
VisualStudioVersion = 16.0.30907.101
MinimumVisualStudioVersion = 10.0.40219.1
Project("{FAE04EC0-301F-11D3-BF4B-00C04F79EFBC}") = "NetCoreConcepts", "NetCoreConcepts\NetCoreConcepts.csproj", "{923BF815-1480-40E2-BA46-603948AEB7AB}"
EndProject
Global
	GlobalSection(SolutionConfigurationPlatforms) = preSolution
		Debug|Any CPU = Debug|Any CPU
		Release|Any CPU = Release|Any CPU
	EndGlobalSection
	GlobalSection(ProjectConfigurationPlatforms) = postSolution
		{923BF815-1480-40E2-BA46-603948AEB7AB}.Debug|Any CPU.ActiveCfg = Debug|Any CPU
		{923BF815-1480-40E2-BA46-603948AEB7AB}.Debug|Any CPU.Build.0 = Debug|Any CPU
		{923BF815-1480-40E2-BA46-603948AEB7AB}.Release|Any CPU.ActiveCfg = Release|Any CPU
		{923BF815-1480-40E2-BA46-603948AEB7AB}.Release|Any CPU.Build.0 = Release|Any CPU
	EndGlobalSection
	GlobalSection(SolutionProperties) = preSolution
		HideSolutionNode = FALSE
	EndGlobalSection
	GlobalSection(ExtensibilityGlobals) = postSolution
		SolutionGuid = {82AD8BEB-8927-4676-AE19-077AE2525439}
	EndGlobalSection
EndGlobal
